
Microsoft Visual Studio Solution File, Format Version 12.00
# Visual Studio Version 16
VisualStudioVersion = 16.0.30011.22
MinimumVisualStudioVersion = 10.0.40219.1
Project("{9A19103F-16F7-4668-BE54-9A1E7A4F7556}") = "LibraryBack", "LibraryBack\LibraryBack.csproj", "{9C15C5B2-CA96-4425-AA35-B08BF8FE3F4C}"
EndProject
Project("{9A19103F-16F7-4668-BE54-9A1E7A4F7556}") = "Core", "Core\Core.csproj", "{CCACEE15-D32C-4F49-845A-A1069976E5E5}"
EndProject
Project("{9A19103F-16F7-4668-BE54-9A1E7A4F7556}") = "DAL", "DAL\DAL.csproj", "{31C9E908-3ED3-480E-B557-9AD8052A71CC}"
EndProject
Project("{FAE04EC0-301F-11D3-BF4B-00C04F79EFBC}") = "BLL", "BLL\BLL.csproj", "{BBD384B5-6600-4647-B7A7-7C5B765775D4}"
EndProject
Global
	GlobalSection(SolutionConfigurationPlatforms) = preSolution
		Debug|Any CPU = Debug|Any CPU
		Release|Any CPU = Release|Any CPU
	EndGlobalSection
	GlobalSection(ProjectConfigurationPlatforms) = postSolution
		{9C15C5B2-CA96-4425-AA35-B08BF8FE3F4C}.Debug|Any CPU.ActiveCfg = Debug|Any CPU
		{9C15C5B2-CA96-4425-AA35-B08BF8FE3F4C}.Debug|Any CPU.Build.0 = Debug|Any CPU
		{9C15C5B2-CA96-4425-AA35-B08BF8FE3F4C}.Release|Any CPU.ActiveCfg = Release|Any CPU
		{9C15C5B2-CA96-4425-AA35-B08BF8FE3F4C}.Release|Any CPU.Build.0 = Release|Any CPU
		{CCACEE15-D32C-4F49-845A-A1069976E5E5}.Debug|Any CPU.ActiveCfg = Debug|Any CPU
		{CCACEE15-D32C-4F49-845A-A1069976E5E5}.Debug|Any CPU.Build.0 = Debug|Any CPU
		{CCACEE15-D32C-4F49-845A-A1069976E5E5}.Release|Any CPU.ActiveCfg = Release|Any CPU
		{CCACEE15-D32C-4F49-845A-A1069976E5E5}.Release|Any CPU.Build.0 = Release|Any CPU
		{31C9E908-3ED3-480E-B557-9AD8052A71CC}.Debug|Any CPU.ActiveCfg = Debug|Any CPU
		{31C9E908-3ED3-480E-B557-9AD8052A71CC}.Debug|Any CPU.Build.0 = Debug|Any CPU
		{31C9E908-3ED3-480E-B557-9AD8052A71CC}.Release|Any CPU.ActiveCfg = Release|Any CPU
		{31C9E908-3ED3-480E-B557-9AD8052A71CC}.Release|Any CPU.Build.0 = Release|Any CPU
		{BBD384B5-6600-4647-B7A7-7C5B765775D4}.Debug|Any CPU.ActiveCfg = Debug|Any CPU
		{BBD384B5-6600-4647-B7A7-7C5B765775D4}.Debug|Any CPU.Build.0 = Debug|Any CPU
		{BBD384B5-6600-4647-B7A7-7C5B765775D4}.Release|Any CPU.ActiveCfg = Release|Any CPU
		{BBD384B5-6600-4647-B7A7-7C5B765775D4}.Release|Any CPU.Build.0 = Release|Any CPU
	EndGlobalSection
	GlobalSection(SolutionProperties) = preSolution
		HideSolutionNode = FALSE
	EndGlobalSection
	GlobalSection(ExtensibilityGlobals) = postSolution
		SolutionGuid = {5CDD69D4-B957-47E9-B126-2A056641B661}
	EndGlobalSection
EndGlobal
